PODS:
  - Appboy-iOS-SDK (3.0.2):
    - Appboy-iOS-SDK/UI (= 3.0.2)
  - Appboy-iOS-SDK/Core (3.0.2)
  - Appboy-iOS-SDK/UI (3.0.2):
    - Appboy-iOS-SDK/Core
    - SDWebImage/GIF (~> 4.0)
  - AppCenter/Analytics (1.11.0):
    - AppCenter/Core
  - AppCenter/Core (1.11.0)
  - AppCenter/Crashes (1.11.0):
    - AppCenter/Core
  - AppCenterReactNativeShared (1.10.0):
    - AppCenter/Core (= 1.11.0)
  - boost-for-react-native (1.63.0)
  - BVLinearGradient (2.4.0):
    - React
  - DoubleConversion (1.1.5)
  - Firebase/CoreOnly (6.2.0):
    - FirebaseCore (= 6.0.2)
  - Firebase/Messaging (6.2.0):
    - Firebase/CoreOnly
    - FirebaseMessaging (~> 4.0.2)
  - FirebaseAnalyticsInterop (1.2.0)
  - FirebaseCore (6.0.2):
    - GoogleUtilities/Environment (~> 6.0)
    - GoogleUtilities/Logger (~> 6.0)
  - FirebaseInstanceID (4.1.1):
    - FirebaseCore (~> 6.0)
    - GoogleUtilities/Environment (~> 6.0)
    - GoogleUtilities/UserDefaults (~> 6.0)
  - FirebaseMessaging (4.0.2):
    - FirebaseAnalyticsInterop (~> 1.1)
    - FirebaseCore (~> 6.0)
    - FirebaseInstanceID (~> 4.1)
    - GoogleUtilities/AppDelegateSwizzler (~> 6.2)
    - GoogleUtilities/Environment (~> 6.2)
    - GoogleUtilities/Reachability (~> 6.2)
    - GoogleUtilities/UserDefaults (~> 6.2)
    - Protobuf (~> 3.1)
  - FLAnimatedImage (1.0.12)
  - Folly (2016.09.26.00):
    - boost-for-react-native
    - DoubleConversion
    - glog
  - glog (0.3.4)
  - GoogleUtilities/AppDelegateSwizzler (6.2.0):
    - GoogleUtilities/Environment
    - GoogleUtilities/Logger
    - GoogleUtilities/Network
  - GoogleUtilities/Environment (6.2.0)
  - GoogleUtilities/Logger (6.2.0):
    - GoogleUtilities/Environment
  - GoogleUtilities/Network (6.2.0):
    - GoogleUtilities/Logger
    - "GoogleUtilities/NSData+zlib"
    - GoogleUtilities/Reachability
  - "GoogleUtilities/NSData+zlib (6.2.0)"
  - GoogleUtilities/Reachability (6.2.0):
    - GoogleUtilities/Logger
  - GoogleUtilities/UserDefaults (6.2.0):
    - GoogleUtilities/Logger
  - Protobuf (3.8.0)
  - React (0.55.4):
    - React/Core (= 0.55.4)
  - react-native-document-picker (2.1.0):
    - React
  - react-native-fcm (16.2.4):
    - Firebase/Messaging
    - React
  - react-native-image-picker (0.14.3):
    - React
  - react-native-image-resizer (1.0.0):
    - React
  - react-native-splash-screen (3.1.0):
    - React
  - react-native-version-number (0.3.4):
    - React
  - React/Core (0.55.4):
    - yoga (= 0.55.4.React)
  - React/CxxBridge (0.55.4):
    - Folly (= 2016.09.26.00)
    - React/Core
    - React/cxxreact
  - React/cxxreact (0.55.4):
    - boost-for-react-native (= 1.63.0)
    - Folly (= 2016.09.26.00)
    - React/jschelpers
    - React/jsinspector
  - React/DevSupport (0.55.4):
    - React/Core
    - React/RCTWebSocket
  - React/fishhook (0.55.4)
  - React/jschelpers (0.55.4):
    - Folly (= 2016.09.26.00)
    - React/PrivateDatabase
  - React/jsinspector (0.55.4)
  - React/PrivateDatabase (0.55.4)
  - React/RCTActionSheet (0.55.4):
    - React/Core
  - React/RCTAnimation (0.55.4):
    - React/Core
  - React/RCTBlob (0.55.4):
    - React/Core
  - React/RCTImage (0.55.4):
    - React/Core
    - React/RCTNetwork
  - React/RCTLinkingIOS (0.55.4):
    - React/Core
  - React/RCTNetwork (0.55.4):
    - React/Core
  - React/RCTSettings (0.55.4):
    - React/Core
  - React/RCTText (0.55.4):
    - React/Core
  - React/RCTVibration (0.55.4):
    - React/Core
  - React/RCTWebSocket (0.55.4):
    - React/Core
    - React/fishhook
    - React/RCTBlob
  - ReactNativePermissions (1.1.1):
    - React
  - rn-fetch-blob (0.10.6):
    - React/Core
  - RNDeviceInfo (0.21.5):
    - React
  - RNFS (2.12.0):
    - React
  - RNShare (1.1.3):
    - React
  - SDWebImage/Core (4.4.7)
  - SDWebImage/GIF (4.4.7):
    - FLAnimatedImage (~> 1.0)
    - SDWebImage/Core
  - yoga (0.55.4.React)

DEPENDENCIES:
  - Appboy-iOS-SDK (~> 3.0.2)
  - AppCenter/Analytics (~> 1.11.0)
  - AppCenter/Crashes (~> 1.11.0)
  - AppCenterReactNativeShared (~> 1.10.0)
  - BVLinearGradient (from `../node_modules/react-native-linear-gradient`)
  - react-native-document-picker (from `../node_modules/react-native-document-picker`)
  - react-native-fcm (from `../node_modules/react-native-fcm`)
  - react-native-image-picker (from `../node_modules/react-native-image-picker`)
  - react-native-image-resizer (from `../node_modules/react-native-image-resizer`)
  - react-native-splash-screen (from `../node_modules/react-native-splash-screen`)
  - react-native-version-number (from `../node_modules/react-native-version-number`)
  - React/Core (from `../node_modules/react-native`)
  - React/CxxBridge (from `../node_modules/react-native`)
  - React/DevSupport (from `../node_modules/react-native`)
  - React/RCTActionSheet (from `../node_modules/react-native`)
  - React/RCTAnimation (from `../node_modules/react-native`)
  - React/RCTImage (from `../node_modules/react-native`)
  - React/RCTLinkingIOS (from `../node_modules/react-native`)
  - React/RCTNetwork (from `../node_modules/react-native`)
  - React/RCTSettings (from `../node_modules/react-native`)
  - React/RCTText (from `../node_modules/react-native`)
  - React/RCTVibration (from `../node_modules/react-native`)
  - React/RCTWebSocket (from `../node_modules/react-native`)
  - ReactNativePermissions (from `../node_modules/react-native-permissions`)
  - rn-fetch-blob (from `../node_modules/rn-fetch-blob`)
  - RNDeviceInfo (from `../node_modules/react-native-device-info`)
  - RNFS (from `../node_modules/react-native-fs`)
  - RNShare (from `../node_modules/react-native-share`)
  - yoga (from `../node_modules/react-native/ReactCommon/yoga`)

SPEC REPOS:
  https://github.com/cocoapods/specs.git:
    - Appboy-iOS-SDK
    - AppCenter
    - AppCenterReactNativeShared
    - boost-for-react-native
    - DoubleConversion
    - Firebase
    - FirebaseAnalyticsInterop
    - FirebaseCore
    - FirebaseInstanceID
    - FirebaseMessaging
    - FLAnimatedImage
    - Folly
    - glog
    - GoogleUtilities
    - Protobuf
    - SDWebImage

EXTERNAL SOURCES:
  BVLinearGradient:
    :path: "../node_modules/react-native-linear-gradient"
  React:
    :path: "../node_modules/react-native"
  react-native-document-picker:
    :path: "../node_modules/react-native-document-picker"
  react-native-fcm:
    :path: "../node_modules/react-native-fcm"
  react-native-image-picker:
    :path: "../node_modules/react-native-image-picker"
  react-native-image-resizer:
    :path: "../node_modules/react-native-image-resizer"
  react-native-splash-screen:
    :path: "../node_modules/react-native-splash-screen"
  react-native-version-number:
    :path: "../node_modules/react-native-version-number"
  ReactNativePermissions:
    :path: "../node_modules/react-native-permissions"
  rn-fetch-blob:
    :path: "../node_modules/rn-fetch-blob"
  RNDeviceInfo:
    :path: "../node_modules/react-native-device-info"
  RNFS:
    :path: "../node_modules/react-native-fs"
  RNShare:
    :path: "../node_modules/react-native-share"
  yoga:
    :path: "../node_modules/react-native/ReactCommon/yoga"

SPEC CHECKSUMS:
  Appboy-iOS-SDK: e23e1ce284ff810998111d9ba50dfd2dd85f0cd3
  AppCenter: 3bccf8d733e337d0db574dd4cb0e33ab9637b7f2
  AppCenterReactNativeShared: a77b000c2ac6dc2e44472621d7d0770f196e5822
  boost-for-react-native: 39c7adb57c4e60d6c5479dd8623128eb5b3f0f2c
  BVLinearGradient: 8913bd8fdc47b85abc801ae8bae007bbfb6b4ce5
  DoubleConversion: e22e0762848812a87afd67ffda3998d9ef29170c
  Firebase: 5965bac23e7fcb5fa6d926ed429c9ecef8a2014e
  FirebaseAnalyticsInterop: efbe45c8385ec626e29f9525e5ebd38520dfb6c1
  FirebaseCore: b0f0262acebfa540e5f97b3832dbb13186980822
  FirebaseInstanceID: cdb3827746d53ece7ae87a5c51c25c3055443366
  FirebaseMessaging: 20b6626c41be7840aed7a3dd9a14003efae3d588
  FLAnimatedImage: 4a0b56255d9b05f18b6dd7ee06871be5d3b89e31
  Folly: 211775e49d8da0ca658aebc8eab89d642935755c
  glog: 1de0bb937dccdc981596d3b5825ebfb765017ded
  GoogleUtilities: 996e0db07153674fd1b54b220fda3a3dc3547cba
  Protobuf: 3f617b9a6e73605565086864c9bc26b2bf2dd5a3
  React: 755b16d9a9387e856d4dce6528130c51e4d409b8
  react-native-document-picker: 1e75650447a24dd5621d0d02884f004c619547f9
  react-native-fcm: fcbafc64ed69bd681fceba7405145d6bfbb6af53
  react-native-image-picker: 3693786b3d5958c8f71deed66ec068b323565e0d
  react-native-image-resizer: aa1600566fd336a044daf9273dcec5033c1d41ca
  react-native-splash-screen: 25447292d379e3c247a773137ff85bbf6523604a
  react-native-version-number: 5606c7ceacb5e728563e55da02361c6640b06dab
  ReactNativePermissions: 2e324bb3baf12702e3ec27f76c8ae1158fa69fc6
  rn-fetch-blob: 766f85cabd2992300dfa1be2bc9e4e258abc6f04
  RNDeviceInfo: e7c5fcde13d40e161d8a27f6c5dc69c638936002
  RNFS: adcee9a3e7cec0469b7709535504aac628a9ed2e
  RNShare: 4f206fa36e384e95a0cbf79f2a92490647e93127
  SDWebImage: c10d14a8883ebd89664f02a422006f66a85c0c5d
  yoga: c3ce6137f85f60c93a834235d7f08e2b44a42eed

PODFILE CHECKSUM: 9ccef3315371afe9c283774080b297c479408f9f

COCOAPODS: 1.7.1
